
Microsoft Visual Studio Solution File, Format Version 12.00
# Visual Studio Version 17
VisualStudioVersion = 17.1.32319.34
MinimumVisualStudioVersion = 10.0.40219.1
Project("{FAE04EC0-301F-11D3-BF4B-00C04F79EFBC}") = "WebApi1", "WebApi1\WebApi1.csproj", "{5910653C-A4BC-45A8-970C-2A651403F1BD}"
EndProject
Global
	GlobalSection(SolutionConfigurationPlatforms) = preSolution
		Debug|Any CPU = Debug|Any CPU
		Release|Any CPU = Release|Any CPU
	EndGlobalSection
	GlobalSection(ProjectConfigurationPlatforms) = postSolution
		{5910653C-A4BC-45A8-970C-2A651403F1BD}.Debug|Any CPU.ActiveCfg = Debug|Any CPU
		{5910653C-A4BC-45A8-970C-2A651403F1BD}.Debug|Any CPU.Build.0 = Debug|Any CPU
		{5910653C-A4BC-45A8-970C-2A651403F1BD}.Release|Any CPU.ActiveCfg = Release|Any CPU
		{5910653C-A4BC-45A8-970C-2A651403F1BD}.Release|Any CPU.Build.0 = Release|Any CPU
	EndGlobalSection
	GlobalSection(SolutionProperties) = preSolution
		HideSolutionNode = FALSE
	EndGlobalSection
	GlobalSection(ExtensibilityGlobals) = postSolution
		SolutionGuid = {E29BB20B-EA58-40FF-96AA-8EB98137801B}
	EndGlobalSection
EndGlobal
